
Microsoft Visual Studio Solution File, Format Version 12.00
# Visual Studio Version 17
VisualStudioVersion = 17.2.32519.379
MinimumVisualStudioVersion = 10.0.40219.1
Project("{8BC9CEB8-8B4A-11D0-8D11-00A0C91BC942}") = "ProiectMCNP", "ProiectMCNP.vcxproj", "{A1F35426-5D5C-46A9-9AD8-2D782693CFCF}"
EndProject
Project("{8BC9CEB8-8B4A-11D0-8D11-00A0C91BC942}") = "Logging", "Logging\Logging.vcxproj", "{CD5E6165-90AC-4D72-A9A1-B96546B78F37}"
EndProject
Project("{8BC9CEB8-8B4A-11D0-8D11-00A0C91BC942}") = "HttpServer", "HttpServer\HttpServer.vcxproj", "{E7CF7312-8D79-4397-A19A-449079AA4690}"
EndProject
Project("{8BC9CEB8-8B4A-11D0-8D11-00A0C91BC942}") = "HTTPClient", "HTTPClient\HTTPClient.vcxproj", "{FF94BC79-9D7F-4E9E-975C-D17E43C3967A}"
EndProject
Project("{8BC9CEB8-8B4A-11D0-8D11-00A0C91BC942}") = "QTWidgetsApp", "QTWidgetsApp\QTWidgetsApp.vcxproj", "{5E32EB48-A5EF-4017-8AE8-4A00751F4CFF}"
EndProject
Global
	GlobalSection(SolutionConfigurationPlatforms) = preSolution
		Debug|x64 = Debug|x64
		Debug|x86 = Debug|x86
		Release|x64 = Release|x64
		Release|x86 = Release|x86
	EndGlobalSection
	GlobalSection(ProjectConfigurationPlatforms) = postSolution
		{A1F35426-5D5C-46A9-9AD8-2D782693CFCF}.Debug|x64.ActiveCfg = Debug|x64
		{A1F35426-5D5C-46A9-9AD8-2D782693CFCF}.Debug|x64.Build.0 = Debug|x64
		{A1F35426-5D5C-46A9-9AD8-2D782693CFCF}.Debug|x86.ActiveCfg = Debug|Win32
		{A1F35426-5D5C-46A9-9AD8-2D782693CFCF}.Debug|x86.Build.0 = Debug|Win32
		{A1F35426-5D5C-46A9-9AD8-2D782693CFCF}.Release|x64.ActiveCfg = Release|x64
		{A1F35426-5D5C-46A9-9AD8-2D782693CFCF}.Release|x64.Build.0 = Release|x64
		{A1F35426-5D5C-46A9-9AD8-2D782693CFCF}.Release|x86.ActiveCfg = Release|Win32
		{A1F35426-5D5C-46A9-9AD8-2D782693CFCF}.Release|x86.Build.0 = Release|Win32
		{CD5E6165-90AC-4D72-A9A1-B96546B78F37}.Debug|x64.ActiveCfg = Debug|x64
		{CD5E6165-90AC-4D72-A9A1-B96546B78F37}.Debug|x64.Build.0 = Debug|x64
		{CD5E6165-90AC-4D72-A9A1-B96546B78F37}.Debug|x86.ActiveCfg = Debug|Win32
		{CD5E6165-90AC-4D72-A9A1-B96546B78F37}.Debug|x86.Build.0 = Debug|Win32
		{CD5E6165-90AC-4D72-A9A1-B96546B78F37}.Release|x64.ActiveCfg = Release|x64
		{CD5E6165-90AC-4D72-A9A1-B96546B78F37}.Release|x64.Build.0 = Release|x64
		{CD5E6165-90AC-4D72-A9A1-B96546B78F37}.Release|x86.ActiveCfg = Release|Win32
		{CD5E6165-90AC-4D72-A9A1-B96546B78F37}.Release|x86.Build.0 = Release|Win32
		{E7CF7312-8D79-4397-A19A-449079AA4690}.Debug|x64.ActiveCfg = Debug|x64
		{E7CF7312-8D79-4397-A19A-449079AA4690}.Debug|x64.Build.0 = Debug|x64
		{E7CF7312-8D79-4397-A19A-449079AA4690}.Debug|x86.ActiveCfg = Debug|Win32
		{E7CF7312-8D79-4397-A19A-449079AA4690}.Debug|x86.Build.0 = Debug|Win32
		{E7CF7312-8D79-4397-A19A-449079AA4690}.Release|x64.ActiveCfg = Release|x64
		{E7CF7312-8D79-4397-A19A-449079AA4690}.Release|x64.Build.0 = Release|x64
		{E7CF7312-8D79-4397-A19A-449079AA4690}.Release|x86.ActiveCfg = Release|Win32
		{E7CF7312-8D79-4397-A19A-449079AA4690}.Release|x86.Build.0 = Release|Win32
		{FF94BC79-9D7F-4E9E-975C-D17E43C3967A}.Debug|x64.ActiveCfg = Debug|x64
		{FF94BC79-9D7F-4E9E-975C-D17E43C3967A}.Debug|x64.Build.0 = Debug|x64
		{FF94BC79-9D7F-4E9E-975C-D17E43C3967A}.Debug|x86.ActiveCfg = Debug|Win32
		{FF94BC79-9D7F-4E9E-975C-D17E43C3967A}.Debug|x86.Build.0 = Debug|Win32
		{FF94BC79-9D7F-4E9E-975C-D17E43C3967A}.Release|x64.ActiveCfg = Release|x64
		{FF94BC79-9D7F-4E9E-975C-D17E43C3967A}.Release|x64.Build.0 = Release|x64
		{FF94BC79-9D7F-4E9E-975C-D17E43C3967A}.Release|x86.ActiveCfg = Release|Win32
		{FF94BC79-9D7F-4E9E-975C-D17E43C3967A}.Release|x86.Build.0 = Release|Win32
		{5E32EB48-A5EF-4017-8AE8-4A00751F4CFF}.Debug|x64.ActiveCfg = Debug|x64
		{5E32EB48-A5EF-4017-8AE8-4A00751F4CFF}.Debug|x64.Build.0 = Debug|x64
		{5E32EB48-A5EF-4017-8AE8-4A00751F4CFF}.Debug|x86.ActiveCfg = Debug|x64
		{5E32EB48-A5EF-4017-8AE8-4A00751F4CFF}.Debug|x86.Build.0 = Debug|x64
		{5E32EB48-A5EF-4017-8AE8-4A00751F4CFF}.Release|x64.ActiveCfg = Release|x64
		{5E32EB48-A5EF-4017-8AE8-4A00751F4CFF}.Release|x64.Build.0 = Release|x64
		{5E32EB48-A5EF-4017-8AE8-4A00751F4CFF}.Release|x86.ActiveCfg = Release|x64
		{5E32EB48-A5EF-4017-8AE8-4A00751F4CFF}.Release|x86.Build.0 = Release|x64
	EndGlobalSection
	GlobalSection(SolutionProperties) = preSolution
		HideSolutionNode = FALSE
	EndGlobalSection
	GlobalSection(ExtensibilityGlobals) = postSolution
		SolutionGuid = {9B3719F4-72A0-49DB-8340-ADA340EB4D4D}
	EndGlobalSection
EndGlobal
